// !$*UTF8*$!
{
	archiveVersion = 1;
	classes = {
	};
	objectVersion = 56;
	objects = {

/* Begin PBXBuildFile section */
		524526B329F7151D005A72C2 /* RickAndMortyAPIApp.swift in Sources */ = {isa = PBXBuildFile; fileRef = 524526B229F7151D005A72C2 /* RickAndMortyAPIApp.swift */; };
		524526B529F7151D005A72C2 /* ContentView.swift in Sources */ = {isa = PBXBuildFile; fileRef = 524526B429F7151D005A72C2 /* ContentView.swift */; };
		524526B729F7151E005A72C2 /* Assets.xcassets in Resources */ = {isa = PBXBuildFile; fileRef = 524526B629F7151E005A72C2 /* Assets.xcassets */; };
		524526BA29F7151E005A72C2 /* Preview Assets.xcassets in Resources */ = {isa = PBXBuildFile; fileRef = 524526B929F7151E005A72C2 /* Preview Assets.xcassets */; };
		524526C329F7160B005A72C2 /* get_schwifty.ttf in Resources */ = {isa = PBXBuildFile; fileRef = 524526C229F7160B005A72C2 /* get_schwifty.ttf */; };
		52F0569D29F7172200562252 /* CustomCorners.swift in Sources */ = {isa = PBXBuildFile; fileRef = 52F0569C29F7172200562252 /* CustomCorners.swift */; };
		52F0569F29F7174900562252 /* FormatDateExtension.swift in Sources */ = {isa = PBXBuildFile; fileRef = 52F0569E29F7174900562252 /* FormatDateExtension.swift */; };
		52F056A329F717EF00562252 /* EndpointType.swift in Sources */ = {isa = PBXBuildFile; fileRef = 52F056A229F717EF00562252 /* EndpointType.swift */; };
		52F056A529F7180600562252 /* ErrorType.swift in Sources */ = {isa = PBXBuildFile; fileRef = 52F056A429F7180600562252 /* ErrorType.swift */; };
		52F056A729F7181700562252 /* Service.swift in Sources */ = {isa = PBXBuildFile; fileRef = 52F056A629F7181700562252 /* Service.swift */; };
		52F056AA29F7183F00562252 /* CharacterResult.swift in Sources */ = {isa = PBXBuildFile; fileRef = 52F056A929F7183F00562252 /* CharacterResult.swift */; };
		52F056AC29F7185B00562252 /* CharacterDetailViewModel.swift in Sources */ = {isa = PBXBuildFile; fileRef = 52F056AB29F7185B00562252 /* CharacterDetailViewModel.swift */; };
		52F056AF29F7189800562252 /* InfoModel.swift in Sources */ = {isa = PBXBuildFile; fileRef = 52F056AE29F7189800562252 /* InfoModel.swift */; };
		52F056B129F718AD00562252 /* LocationModel.swift in Sources */ = {isa = PBXBuildFile; fileRef = 52F056B029F718AD00562252 /* LocationModel.swift */; };
		52F056B329F718BD00562252 /* LocationResult.swift in Sources */ = {isa = PBXBuildFile; fileRef = 52F056B229F718BD00562252 /* LocationResult.swift */; };
		52F056B929F7195300562252 /* CharacterDetailView.swift in Sources */ = {isa = PBXBuildFile; fileRef = 52F056B829F7195300562252 /* CharacterDetailView.swift */; };
		52F056BB29F7198500562252 /* MainTabView.swift in Sources */ = {isa = PBXBuildFile; fileRef = 52F056BA29F7198500562252 /* MainTabView.swift */; };
		52F056BD29F7199C00562252 /* MainCellView.swift in Sources */ = {isa = PBXBuildFile; fileRef = 52F056BC29F7199C00562252 /* MainCellView.swift */; };
		52F056BF29F719B700562252 /* LocationViewModel.swift in Sources */ = {isa = PBXBuildFile; fileRef = 52F056BE29F719B700562252 /* LocationViewModel.swift */; };
		52F056C129F719E600562252 /* SplashScreenView.swift in Sources */ = {isa = PBXBuildFile; fileRef = 52F056C029F719E600562252 /* SplashScreenView.swift */; };
/* End PBXBuildFile section */

/* Begin PBXFileReference section */
		524526AF29F7151D005A72C2 /* RickAndMortyAPI.app */ = {isa = PBXFileReference; explicitFileType = wrapper.application; includeInIndex = 0; path = RickAndMortyAPI.app; sourceTree = BUILT_PRODUCTS_DIR; };
		524526B229F7151D005A72C2 /* RickAndMortyAPIApp.swift */ = {isa = PBXFileReference; lastKnownFileType = sourcecode.swift; path = RickAndMortyAPIApp.swift; sourceTree = "<group>"; };
		524526B429F7151D005A72C2 /* ContentView.swift */ = {isa = PBXFileReference; lastKnownFileType = sourcecode.swift; path = ContentView.swift; sourceTree = "<group>"; };
		524526B629F7151E005A72C2 /* Assets.xcassets */ = {isa = PBXFileReference; lastKnownFileType = folder.assetcatalog; path = Assets.xcassets; sourceTree = "<group>"; };
		524526B929F7151E005A72C2 /* Preview Assets.xcassets */ = {isa = PBXFileReference; lastKnownFileType = folder.assetcatalog; path = "Preview Assets.xcassets"; sourceTree = "<group>"; };
		524526C029F71550005A72C2 /* Info.plist */ = {isa = PBXFileReference; lastKnownFileType = text.plist; path = Info.plist; sourceTree = "<group>"; };
		524526C229F7160B005A72C2 /* get_schwifty.ttf */ = {isa = PBXFileReference; lastKnownFileType = file; path = get_schwifty.ttf; sourceTree = "<group>"; };
		52F0569C29F7172200562252 /* CustomCorners.swift */ = {isa = PBXFileReference; lastKnownFileType = sourcecode.swift; path = CustomCorners.swift; sourceTree = "<group>"; };
		52F0569E29F7174900562252 /* FormatDateExtension.swift */ = {isa = PBXFileReference; lastKnownFileType = sourcecode.swift; path = FormatDateExtension.swift; sourceTree = "<group>"; };
		52F056A229F717EF00562252 /* EndpointType.swift */ = {isa = PBXFileReference; lastKnownFileType = sourcecode.swift; path = EndpointType.swift; sourceTree = "<group>"; };
		52F056A429F7180600562252 /* ErrorType.swift */ = {isa = PBXFileReference; lastKnownFileType = sourcecode.swift; path = ErrorType.swift; sourceTree = "<group>"; };
		52F056A629F7181700562252 /* Service.swift */ = {isa = PBXFileReference; lastKnownFileType = sourcecode.swift; path = Service.swift; sourceTree = "<group>"; };
		52F056A929F7183F00562252 /* CharacterResult.swift */ = {isa = PBXFileReference; lastKnownFileType = sourcecode.swift; path = CharacterResult.swift; sourceTree = "<group>"; };
		52F056AB29F7185B00562252 /* CharacterDetailViewModel.swift */ = {isa = PBXFileReference; lastKnownFileType = sourcecode.swift; path = CharacterDetailViewModel.swift; sourceTree = "<group>"; };
		52F056AE29F7189800562252 /* InfoModel.swift */ = {isa = PBXFileReference; lastKnownFileType = sourcecode.swift; path = InfoModel.swift; sourceTree = "<group>"; };
		52F056B029F718AD00562252 /* LocationModel.swift */ = {isa = PBXFileReference; lastKnownFileType = sourcecode.swift; path = LocationModel.swift; sourceTree = "<group>"; };
		52F056B229F718BD00562252 /* LocationResult.swift */ = {isa = PBXFileReference; lastKnownFileType = sourcecode.swift; path = LocationResult.swift; sourceTree = "<group>"; };
		52F056B829F7195300562252 /* CharacterDetailView.swift */ = {isa = PBXFileReference; lastKnownFileType = sourcecode.swift; path = CharacterDetailView.swift; sourceTree = "<group>"; };
		52F056BA29F7198500562252 /* MainTabView.swift */ = {isa = PBXFileReference; lastKnownFileType = sourcecode.swift; path = MainTabView.swift; sourceTree = "<group>"; };
		52F056BC29F7199C00562252 /* MainCellView.swift */ = {isa = PBXFileReference; lastKnownFileType = sourcecode.swift; path = MainCellView.swift; sourceTree = "<group>"; };
		52F056BE29F719B700562252 /* LocationViewModel.swift */ = {isa = PBXFileReference; lastKnownFileType = sourcecode.swift; path = LocationViewModel.swift; sourceTree = "<group>"; };
		52F056C029F719E600562252 /* SplashScreenView.swift */ = {isa = PBXFileReference; lastKnownFileType = sourcecode.swift; path = SplashScreenView.swift; sourceTree = "<group>"; };
/* End PBXFileReference section */

/* Begin PBXFrameworksBuildPhase section */
		524526AC29F7151D005A72C2 /* Frameworks */ = {
			isa = PBXFrameworksBuildPhase;
			buildActionMask = 2147483647;
			files = (
			);
			runOnlyForDeploymentPostprocessing = 0;
		};
/* End PBXFrameworksBuildPhase section */

/* Begin PBXGroup section */
		524526A629F7151D005A72C2 = {
			isa = PBXGroup;
			children = (
				524526B129F7151D005A72C2 /* RickAndMortyAPI */,
				524526B029F7151D005A72C2 /* Products */,
			);
			sourceTree = "<group>";
		};
		524526B029F7151D005A72C2 /* Products */ = {
			isa = PBXGroup;
			children = (
				524526AF29F7151D005A72C2 /* RickAndMortyAPI.app */,
			);
			name = Products;
			sourceTree = "<group>";
		};
		524526B129F7151D005A72C2 /* RickAndMortyAPI */ = {
			isa = PBXGroup;
			children = (
				52E5A71F29F71E86005BF1CA /* Assets */,
				52E5A71E29F71E79005BF1CA /* App */,
				52F056B429F7192300562252 /* Views */,
				52F056A029F717D000562252 /* Network */,
				52F0569B29F7171300562252 /* Utils */,
				524526C029F71550005A72C2 /* Info.plist */,
				524526B829F7151E005A72C2 /* Preview Content */,
			);
			path = RickAndMortyAPI;
			sourceTree = "<group>";
		};
		524526B829F7151E005A72C2 /* Preview Content */ = {
			isa = PBXGroup;
			children = (
				524526B929F7151E005A72C2 /* Preview Assets.xcassets */,
			);
			path = "Preview Content";
			sourceTree = "<group>";
		};
		524526C429F7160E005A72C2 /* Font */ = {
			isa = PBXGroup;
			children = (
				524526C229F7160B005A72C2 /* get_schwifty.ttf */,
			);
			path = Font;
			sourceTree = "<group>";
		};
		52E5A71E29F71E79005BF1CA /* App */ = {
			isa = PBXGroup;
			children = (
				524526B229F7151D005A72C2 /* RickAndMortyAPIApp.swift */,
				524526B429F7151D005A72C2 /* ContentView.swift */,
			);
			path = App;
			sourceTree = "<group>";
		};
		52E5A71F29F71E86005BF1CA /* Assets */ = {
			isa = PBXGroup;
			children = (
				524526B629F7151E005A72C2 /* Assets.xcassets */,
				524526C429F7160E005A72C2 /* Font */,
			);
			path = Assets;
			sourceTree = "<group>";
		};
		52F0569B29F7171300562252 /* Utils */ = {
			isa = PBXGroup;
			children = (
				52F0569C29F7172200562252 /* CustomCorners.swift */,
				52F0569E29F7174900562252 /* FormatDateExtension.swift */,
			);
			path = Utils;
			sourceTree = "<group>";
		};
		52F056A029F717D000562252 /* Network */ = {
			isa = PBXGroup;
			children = (
				52F056A129F717DB00562252 /* ResponseModels */,
				52F056A229F717EF00562252 /* EndpointType.swift */,
				52F056A429F7180600562252 /* ErrorType.swift */,
				52F056A629F7181700562252 /* Service.swift */,
			);
			path = Network;
			sourceTree = "<group>";
		};
		52F056A129F717DB00562252 /* ResponseModels */ = {
			isa = PBXGroup;
			children = (
				52F056AD29F7186A00562252 /* LocationModel */,
				52F056A829F7182F00562252 /* CharacterModel */,
				52F056AE29F7189800562252 /* InfoModel.swift */,
			);
			path = ResponseModels;
			sourceTree = "<group>";
		};
		52F056A829F7182F00562252 /* CharacterModel */ = {
			isa = PBXGroup;
			children = (
				52F056A929F7183F00562252 /* CharacterResult.swift */,
				52F056AB29F7185B00562252 /* CharacterDetailViewModel.swift */,
			);
			path = CharacterModel;
			sourceTree = "<group>";
		};
		52F056AD29F7186A00562252 /* LocationModel */ = {
			isa = PBXGroup;
			children = (
				52F056B029F718AD00562252 /* LocationModel.swift */,
				52F056B229F718BD00562252 /* LocationResult.swift */,
			);
			path = LocationModel;
			sourceTree = "<group>";
		};
		52F056B429F7192300562252 /* Views */ = {
			isa = PBXGroup;
			children = (
				52F056B729F7193B00562252 /* SplashView */,
				52F056B629F7193400562252 /* MainView */,
				52F056B529F7192C00562252 /* DetailScreenView */,
			);
			path = Views;
			sourceTree = "<group>";
		};
		52F056B529F7192C00562252 /* DetailScreenView */ = {
			isa = PBXGroup;
			children = (
				52F056B829F7195300562252 /* CharacterDetailView.swift */,
			);
			path = DetailScreenView;
			sourceTree = "<group>";
		};
		52F056B629F7193400562252 /* MainView */ = {
			isa = PBXGroup;
			children = (
				52F056BA29F7198500562252 /* MainTabView.swift */,
				52F056BC29F7199C00562252 /* MainCellView.swift */,
				52F056BE29F719B700562252 /* LocationViewModel.swift */,
			);
			path = MainView;
			sourceTree = "<group>";
		};
		52F056B729F7193B00562252 /* SplashView */ = {
			isa = PBXGroup;
			children = (
				52F056C029F719E600562252 /* SplashScreenView.swift */,
			);
			path = SplashView;
			sourceTree = "<group>";
		};
/* End PBXGroup section */

/* Begin PBXNativeTarget section */
		524526AE29F7151D005A72C2 /* RickAndMortyAPI */ = {
			isa = PBXNativeTarget;
			buildConfigurationList = 524526BD29F7151E005A72C2 /* Build configuration list for PBXNativeTarget "RickAndMortyAPI" */;
			buildPhases = (
				524526AB29F7151D005A72C2 /* Sources */,
				524526AC29F7151D005A72C2 /* Frameworks */,
				524526AD29F7151D005A72C2 /* Resources */,
			);
			buildRules = (
			);
			dependencies = (
			);
			name = RickAndMortyAPI;
			productName = RickAndMortyAPI;
			productReference = 524526AF29F7151D005A72C2 /* RickAndMortyAPI.app */;
			productType = "com.apple.product-type.application";
		};
/* End PBXNativeTarget section */

/* Begin PBXProject section */
		524526A729F7151D005A72C2 /* Project object */ = {
			isa = PBXProject;
			attributes = {
				BuildIndependentTargetsInParallel = 1;
				LastSwiftUpdateCheck = 1400;
				LastUpgradeCheck = 1400;
				TargetAttributes = {
					524526AE29F7151D005A72C2 = {
						CreatedOnToolsVersion = 14.0;
					};
				};
			};
			buildConfigurationList = 524526AA29F7151D005A72C2 /* Build configuration list for PBXProject "RickAndMortyAPI" */;
			compatibilityVersion = "Xcode 14.0";
			developmentRegion = en;
			hasScannedForEncodings = 0;
			knownRegions = (
				en,
				Base,
			);
			mainGroup = 524526A629F7151D005A72C2;
			productRefGroup = 524526B029F7151D005A72C2 /* Products */;
			projectDirPath = "";
			projectRoot = "";
			targets = (
				524526AE29F7151D005A72C2 /* RickAndMortyAPI */,
			);
		};
/* End PBXProject section */

/* Begin PBXResourcesBuildPhase section */
		524526AD29F7151D005A72C2 /* Resources */ = {
			isa = PBXResourcesBuildPhase;
			buildActionMask = 2147483647;
			files = (
				524526BA29F7151E005A72C2 /* Preview Assets.xcassets in Resources */,
				524526C329F7160B005A72C2 /* get_schwifty.ttf in Resources */,
				524526B729F7151E005A72C2 /* Assets.xcassets in Resources */,
			);
			runOnlyForDeploymentPostprocessing = 0;
		};
/* End PBXResourcesBuildPhase section */

/* Begin PBXSourcesBuildPhase section */
		524526AB29F7151D005A72C2 /* Sources */ = {
			isa = PBXSourcesBuildPhase;
			buildActionMask = 2147483647;
			files = (
				52F056C129F719E600562252 /* SplashScreenView.swift in Sources */,
				52F056A329F717EF00562252 /* EndpointType.swift in Sources */,
				52F056A729F7181700562252 /* Service.swift in Sources */,
				52F0569F29F7174900562252 /* FormatDateExtension.swift in Sources */,
				52F056B929F7195300562252 /* CharacterDetailView.swift in Sources */,
				52F056B329F718BD00562252 /* LocationResult.swift in Sources */,
				524526B529F7151D005A72C2 /* ContentView.swift in Sources */,
				52F056AA29F7183F00562252 /* CharacterResult.swift in Sources */,
				52F056BF29F719B700562252 /* LocationViewModel.swift in Sources */,
				52F056BD29F7199C00562252 /* MainCellView.swift in Sources */,
				52F056B129F718AD00562252 /* LocationModel.swift in Sources */,
				52F056AF29F7189800562252 /* InfoModel.swift in Sources */,
				52F0569D29F7172200562252 /* CustomCorners.swift in Sources */,
				52F056AC29F7185B00562252 /* CharacterDetailViewModel.swift in Sources */,
				52F056BB29F7198500562252 /* MainTabView.swift in Sources */,
				52F056A529F7180600562252 /* ErrorType.swift in Sources */,
				524526B329F7151D005A72C2 /* RickAndMortyAPIApp.swift in Sources */,
			);
			runOnlyForDeploymentPostprocessing = 0;
		};
/* End PBXSourcesBuildPhase section */

/* Begin XCBuildConfiguration section */
		524526BB29F7151E005A72C2 /* Debug */ = {
			isa = XCBuildConfiguration;
			buildSettings = {
				ALWAYS_SEARCH_USER_PATHS = NO;
				CLANG_ANALYZER_NONNULL = YES;
				CLANG_ANALYZER_NUMBER_OBJECT_CONVERSION = YES_AGGRESSIVE;
				CLANG_CXX_LANGUAGE_STANDARD = "gnu++20";
				CLANG_ENABLE_MODULES = YES;
				CLANG_ENABLE_OBJC_ARC = YES;
				CLANG_ENABLE_OBJC_WEAK = YES;
				CLANG_WARN_BLOCK_CAPTURE_AUTORELEASING = YES;
				CLANG_WARN_BOOL_CONVERSION = YES;
				CLANG_WARN_COMMA = YES;
				CLANG_WARN_CONSTANT_CONVERSION = YES;
				CLANG_WARN_DEPRECATED_OBJC_IMPLEMENTATIONS = YES;
				CLANG_WARN_DIRECT_OBJC_ISA_USAGE = YES_ERROR;
				CLANG_WARN_DOCUMENTATION_COMMENTS = YES;
				CLANG_WARN_EMPTY_BODY = YES;
				CLANG_WARN_ENUM_CONVERSION = YES;
				CLANG_WARN_INFINITE_RECURSION = YES;
				CLANG_WARN_INT_CONVERSION = YES;
				CLANG_WARN_NON_LITERAL_NULL_CONVERSION = YES;
				CLANG_WARN_OBJC_IMPLICIT_RETAIN_SELF = YES;
				CLANG_WARN_OBJC_LITERAL_CONVERSION = YES;
				CLANG_WARN_OBJC_ROOT_CLASS = YES_ERROR;
				CLANG_WARN_QUOTED_INCLUDE_IN_FRAMEWORK_HEADER = YES;
				CLANG_WARN_RANGE_LOOP_ANALYSIS = YES;
				CLANG_WARN_STRICT_PROTOTYPES = YES;
				CLANG_WARN_SUSPICIOUS_MOVE = YES;
				CLANG_WARN_UNGUARDED_AVAILABILITY = YES_AGGRESSIVE;
				CLANG_WARN_UNREACHABLE_CODE = YES;
				CLANG_WARN__DUPLICATE_METHOD_MATCH = YES;
				COPY_PHASE_STRIP = NO;
				DEBUG_INFORMATION_FORMAT = dwarf;
				ENABLE_STRICT_OBJC_MSGSEND = YES;
				ENABLE_TESTABILITY = YES;
				GCC_C_LANGUAGE_STANDARD = gnu11;
				GCC_DYNAMIC_NO_PIC = NO;
				GCC_NO_COMMON_BLOCKS = YES;
				GCC_OPTIMIZATION_LEVEL = 0;
				GCC_PREPROCESSOR_DEFINITIONS = (
					"DEBUG=1",
					"$(inherited)",
				);
				GCC_WARN_64_TO_32_BIT_CONVERSION = YES;
				GCC_WARN_ABOUT_RETURN_TYPE = YES_ERROR;
				GCC_WARN_UNDECLARED_SELECTOR = YES;
				GCC_WARN_UNINITIALIZED_AUTOS = YES_AGGRESSIVE;
				GCC_WARN_UNUSED_FUNCTION = YES;
				GCC_WARN_UNUSED_VARIABLE = YES;
				IPHONEOS_DEPLOYMENT_TARGET = 16.0;
				MTL_ENABLE_DEBUG_INFO = INCLUDE_SOURCE;
				MTL_FAST_MATH = YES;
				ONLY_ACTIVE_ARCH = YES;
				SDKROOT = iphoneos;
				SWIFT_ACTIVE_COMPILATION_CONDITIONS = DEBUG;
				SWIFT_OPTIMIZATION_LEVEL = "-Onone";
			};
			name = Debug;
		};
		524526BC29F7151E005A72C2 /* Release */ = {
			isa = XCBuildConfiguration;
			buildSettings = {
				ALWAYS_SEARCH_USER_PATHS = NO;
				CLANG_ANALYZER_NONNULL = YES;
				CLANG_ANALYZER_NUMBER_OBJECT_CONVERSION = YES_AGGRESSIVE;
				CLANG_CXX_LANGUAGE_STANDARD = "gnu++20";
				CLANG_ENABLE_MODULES = YES;
				CLANG_ENABLE_OBJC_ARC = YES;
				CLANG_ENABLE_OBJC_WEAK = YES;
				CLANG_WARN_BLOCK_CAPTURE_AUTORELEASING = YES;
				CLANG_WARN_BOOL_CONVERSION = YES;
				CLANG_WARN_COMMA = YES;
				CLANG_WARN_CONSTANT_CONVERSION = YES;
				CLANG_WARN_DEPRECATED_OBJC_IMPLEMENTATIONS = YES;
				CLANG_WARN_DIRECT_OBJC_ISA_USAGE = YES_ERROR;
				CLANG_WARN_DOCUMENTATION_COMMENTS = YES;
				CLANG_WARN_EMPTY_BODY = YES;
				CLANG_WARN_ENUM_CONVERSION = YES;
				CLANG_WARN_INFINITE_RECURSION = YES;
				CLANG_WARN_INT_CONVERSION = YES;
				CLANG_WARN_NON_LITERAL_NULL_CONVERSION = YES;
				CLANG_WARN_OBJC_IMPLICIT_RETAIN_SELF = YES;
				CLANG_WARN_OBJC_LITERAL_CONVERSION = YES;
				CLANG_WARN_OBJC_ROOT_CLASS = YES_ERROR;
				CLANG_WARN_QUOTED_INCLUDE_IN_FRAMEWORK_HEADER = YES;
				CLANG_WARN_RANGE_LOOP_ANALYSIS = YES;
				CLANG_WARN_STRICT_PROTOTYPES = YES;
				CLANG_WARN_SUSPICIOUS_MOVE = YES;
				CLANG_WARN_UNGUARDED_AVAILABILITY = YES_AGGRESSIVE;
				CLANG_WARN_UNREACHABLE_CODE = YES;
				CLANG_WARN__DUPLICATE_METHOD_MATCH = YES;
				COPY_PHASE_STRIP = NO;
				DEBUG_INFORMATION_FORMAT = "dwarf-with-dsym";
				ENABLE_NS_ASSERTIONS = NO;
				ENABLE_STRICT_OBJC_MSGSEND = YES;
				GCC_C_LANGUAGE_STANDARD = gnu11;
				GCC_NO_COMMON_BLOCKS = YES;
				GCC_WARN_64_TO_32_BIT_CONVERSION = YES;
				GCC_WARN_ABOUT_RETURN_TYPE = YES_ERROR;
				GCC_WARN_UNDECLARED_SELECTOR = YES;
				GCC_WARN_UNINITIALIZED_AUTOS = YES_AGGRESSIVE;
				GCC_WARN_UNUSED_FUNCTION = YES;
				GCC_WARN_UNUSED_VARIABLE = YES;
				IPHONEOS_DEPLOYMENT_TARGET = 16.0;
				MTL_ENABLE_DEBUG_INFO = NO;
				MTL_FAST_MATH = YES;
				SDKROOT = iphoneos;
				SWIFT_COMPILATION_MODE = wholemodule;
				SWIFT_OPTIMIZATION_LEVEL = "-O";
				VALIDATE_PRODUCT = YES;
			};
			name = Release;
		};
		524526BE29F7151E005A72C2 /* Debug */ = {
			isa = XCBuildConfiguration;
			buildSettings = {
				ASSETCATALOG_COMPILER_APPICON_NAME = AppIcon;
				ASSETCATALOG_COMPILER_GLOBAL_ACCENT_COLOR_NAME = AccentColor;
				CODE_SIGN_STYLE = Automatic;
				CURRENT_PROJECT_VERSION = 1;
				DEVELOPMENT_ASSET_PATHS = "\"RickAndMortyAPI/Preview Content\"";
				DEVELOPMENT_TEAM = MPTU59K97X;
				ENABLE_PREVIEWS = YES;
				GENERATE_INFOPLIST_FILE = YES;
				INFOPLIST_FILE = RickAndMortyAPI/Info.plist;
				INFOPLIST_KEY_UIApplicationSceneManifest_Generation = YES;
				INFOPLIST_KEY_UIApplicationSupportsIndirectInputEvents = YES;
				INFOPLIST_KEY_UISupportedInterfaceOrientations_iPad = "UIInterfaceOrientationPortrait UIInterfaceOrientationPortraitUpsideDown UIInterfaceOrientationLandscapeLeft UIInterfaceOrientationLandscapeRight";
				INFOPLIST_KEY_UISupportedInterfaceOrientations_iPhone = "UIInterfaceOrientationPortrait UIInterfaceOrientationLandscapeLeft UIInterfaceOrientationLandscapeRight";
				LD_RUNPATH_SEARCH_PATHS = (
					"$(inherited)",
					"@executable_path/Frameworks",
				);
				MARKETING_VERSION = 1.0;
				PRODUCT_BUNDLE_IDENTIFIER = EcemOzturk.RickAndMortyAPI;
				PRODUCT_NAME = "$(TARGET_NAME)";
				SWIFT_EMIT_LOC_STRINGS = YES;
				SWIFT_VERSION = 5.0;
				TARGETED_DEVICE_FAMILY = "1,2";
			};
			name = Debug;
		};
		524526BF29F7151E005A72C2 /* Release */ = {
			isa = XCBuildConfiguration;
			buildSettings = {
				ASSETCATALOG_COMPILER_APPICON_NAME = AppIcon;
				ASSETCATALOG_COMPILER_GLOBAL_ACCENT_COLOR_NAME = AccentColor;
				CODE_SIGN_STYLE = Automatic;
				CURRENT_PROJECT_VERSION = 1;
				DEVELOPMENT_ASSET_PATHS = "\"RickAndMortyAPI/Preview Content\"";
				DEVELOPMENT_TEAM = MPTU59K97X;
				ENABLE_PREVIEWS = YES;
				GENERATE_INFOPLIST_FILE = YES;
				INFOPLIST_FILE = RickAndMortyAPI/Info.plist;
				INFOPLIST_KEY_UIApplicationSceneManifest_Generation = YES;
				INFOPLIST_KEY_UIApplicationSupportsIndirectInputEvents = YES;
				INFOPLIST_KEY_UISupportedInterfaceOrientations_iPad = "UIInterfaceOrientationPortrait UIInterfaceOrientationPortraitUpsideDown UIInterfaceOrientationLandscapeLeft UIInterfaceOrientationLandscapeRight";
				INFOPLIST_KEY_UISupportedInterfaceOrientations_iPhone = "UIInterfaceOrientationPortrait UIInterfaceOrientationLandscapeLeft UIInterfaceOrientationLandscapeRight";
				LD_RUNPATH_SEARCH_PATHS = (
					"$(inherited)",
					"@executable_path/Frameworks",
				);
				MARKETING_VERSION = 1.0;
				PRODUCT_BUNDLE_IDENTIFIER = EcemOzturk.RickAndMortyAPI;
				PRODUCT_NAME = "$(TARGET_NAME)";
				SWIFT_EMIT_LOC_STRINGS = YES;
				SWIFT_VERSION = 5.0;
				TARGETED_DEVICE_FAMILY = "1,2";
			};
			name = Release;
		};
/* End XCBuildConfiguration section */

/* Begin XCConfigurationList section */
		524526AA29F7151D005A72C2 /* Build configuration list for PBXProject "RickAndMortyAPI" */ = {
			isa = XCConfigurationList;
			buildConfigurations = (
				524526BB29F7151E005A72C2 /* Debug */,
				524526BC29F7151E005A72C2 /* Release */,
			);
			defaultConfigurationIsVisible = 0;
			defaultConfigurationName = Release;
		};
		524526BD29F7151E005A72C2 /* Build configuration list for PBXNativeTarget "RickAndMortyAPI" */ = {
			isa = XCConfigurationList;
			buildConfigurations = (
				524526BE29F7151E005A72C2 /* Debug */,
				524526BF29F7151E005A72C2 /* Release */,
			);
			defaultConfigurationIsVisible = 0;
			defaultConfigurationName = Release;
		};
/* End XCConfigurationList section */
	};
	rootObject = 524526A729F7151D005A72C2 /* Project object */;
}
